
Microsoft Visual Studio Solution File, Format Version 12.00
# Visual Studio Version 16
VisualStudioVersion = 16.0.30011.22
MinimumVisualStudioVersion = 10.0.40219.1
Project("{FAE04EC0-301F-11D3-BF4B-00C04F79EFBC}") = "lab2_1", "lab2_1.csproj", "{14E44F47-50C4-4425-A5B4-F68AD9EFA682}"
EndProject
Global
	GlobalSection(SolutionConfigurationPlatforms) = preSolution
		Debug|Any CPU = Debug|Any CPU
		Release|Any CPU = Release|Any CPU
	EndGlobalSection
	GlobalSection(ProjectConfigurationPlatforms) = postSolution
		{14E44F47-50C4-4425-A5B4-F68AD9EFA682}.Debug|Any CPU.ActiveCfg = Debug|Any CPU
		{14E44F47-50C4-4425-A5B4-F68AD9EFA682}.Debug|Any CPU.Build.0 = Debug|Any CPU
		{14E44F47-50C4-4425-A5B4-F68AD9EFA682}.Release|Any CPU.ActiveCfg = Release|Any CPU
		{14E44F47-50C4-4425-A5B4-F68AD9EFA682}.Release|Any CPU.Build.0 = Release|Any CPU
	EndGlobalSection
	GlobalSection(SolutionProperties) = preSolution
		HideSolutionNode = FALSE
	EndGlobalSection
	GlobalSection(ExtensibilityGlobals) = postSolution
		SolutionGuid = {38543B49-7DE0-428B-B763-B79B8F7070D7}
	EndGlobalSection
EndGlobal
